{
  "object": {
    "pins": [
      {
        "package": "Gzip",
        "repositoryURL": "https://github.com/1024jp/GzipSwift",
        "state": {
          "branch": null,
          "revision": "ba0b6cb51cc6202f896e469b87d2889a46b10d1b",
          "version": "5.1.1"
        }
      },
      {
        "package": "Kingfisher",
        "repositoryURL": "https://github.com/onevcat/Kingfisher.git",
        "state": {
          "branch": null,
          "revision": "56075f629bc3915e1bfa876d175df67e1a7cbe3c",
          "version": "5.13.2"
        }
      }
    ]
  },
  "version": 1
}
