// !$*UTF8*$!
{
	archiveVersion = 1;
	classes = {
	};
	objectVersion = 52;
	objects = {

/* Begin PBXBuildFile section */
		910573FF243DECF900233292 /* WebKit.framework in Frameworks */ = {isa = PBXBuildFile; fileRef = 917A432F242B8AF90032F4D2 /* WebKit.framework */; };
		910E2DD624264E3400313B2A /* AppDelegate.swift in Sources */ = {isa = PBXBuildFile; fileRef = 910E2DD524264E3400313B2A /* AppDelegate.swift */; };
		910E2DD824264E3400313B2A /* SceneDelegate.swift in Sources */ = {isa = PBXBuildFile; fileRef = 910E2DD724264E3400313B2A /* SceneDelegate.swift */; };
		910E2DDA24264E3400313B2A /* WebViewController.swift in Sources */ = {isa = PBXBuildFile; fileRef = 910E2DD924264E3400313B2A /* WebViewController.swift */; };
		910E2DDD24264E3400313B2A /* Main.storyboard in Resources */ = {isa = PBXBuildFile; fileRef = 910E2DDB24264E3400313B2A /* Main.storyboard */; };
		910E2DE024264E3400313B2A /* wukela.xcdatamodeld in Sources */ = {isa = PBXBuildFile; fileRef = 910E2DDE24264E3400313B2A /* wukela.xcdatamodeld */; };
		910E2DE224264E3600313B2A /* Assets.xcassets in Resources */ = {isa = PBXBuildFile; fileRef = 910E2DE124264E3600313B2A /* Assets.xcassets */; };
		910E2DE524264E3600313B2A /* LaunchScreen.storyboard in Resources */ = {isa = PBXBuildFile; fileRef = 910E2DE324264E3600313B2A /* LaunchScreen.storyboard */; };
		910E2DED2426544000313B2A /* HomeViewController.swift in Sources */ = {isa = PBXBuildFile; fileRef = 910E2DEC2426544000313B2A /* HomeViewController.swift */; };
		9110AB4B243B76CB00669A6B /* Reachability.swift in Sources */ = {isa = PBXBuildFile; fileRef = 9110AB4A243B76CB00669A6B /* Reachability.swift */; };
		912C4730245AF013000019BF /* AnimatedTabBarController.swift in Sources */ = {isa = PBXBuildFile; fileRef = 912C472F245AF013000019BF /* AnimatedTabBarController.swift */; };
		913ACCF3247D5F1700CECE5E /* Gzip in Frameworks */ = {isa = PBXBuildFile; productRef = 913ACCF2247D5F1700CECE5E /* Gzip */; };
		9162116D242CE9CA009C3CE6 /* NewsLoader.swift in Sources */ = {isa = PBXBuildFile; fileRef = 9162116C242CE9CA009C3CE6 /* NewsLoader.swift */; };
		9162116F242CEA38009C3CE6 /* NewsData.swift in Sources */ = {isa = PBXBuildFile; fileRef = 9162116E242CEA38009C3CE6 /* NewsData.swift */; };
		916A97C52447238B0093F394 /* NotificationPublisher.swift in Sources */ = {isa = PBXBuildFile; fileRef = 916A97C42447238B0093F394 /* NotificationPublisher.swift */; };
		916F014F24268CE300F88905 /* BookmarkViewController.swift in Sources */ = {isa = PBXBuildFile; fileRef = 916F014E24268CE300F88905 /* BookmarkViewController.swift */; };
		9174FFA22440AC9B000132DE /* TabTransitionListener.swift in Sources */ = {isa = PBXBuildFile; fileRef = 9174FFA12440AC9B000132DE /* TabTransitionListener.swift */; };
		918FCFC72458468B008D6759 /* OnboardingViewController.swift in Sources */ = {isa = PBXBuildFile; fileRef = 918FCFC62458468B008D6759 /* OnboardingViewController.swift */; };
		91972703242E33A800E49154 /* Kingfisher in Frameworks */ = {isa = PBXBuildFile; productRef = 91972702242E33A800E49154 /* Kingfisher */; };
		91990A12243F3CAE001DAAA6 /* TopicViewController.swift in Sources */ = {isa = PBXBuildFile; fileRef = 91990A11243F3CAE001DAAA6 /* TopicViewController.swift */; };
		919FD4522493C0A600224791 /* ModalTransitionLIstener.swift in Sources */ = {isa = PBXBuildFile; fileRef = 919FD4512493C0A600224791 /* ModalTransitionLIstener.swift */; };
		91A1205D24839EDF00FB8784 /* Localizable.strings in Resources */ = {isa = PBXBuildFile; fileRef = 91A1205F24839EDF00FB8784 /* Localizable.strings */; };
		91CE263D2428F48C001A7B39 /* SourcesViewController.swift in Sources */ = {isa = PBXBuildFile; fileRef = 91CE263C2428F48C001A7B39 /* SourcesViewController.swift */; };
		91E1F8BB243609F60053693B /* ProximaNova Semibold.otf in Resources */ = {isa = PBXBuildFile; fileRef = 91E1F8B7243609F60053693B /* ProximaNova Semibold.otf */; };
		91E1F8BC243609F60053693B /* ProximaNova Light.otf in Resources */ = {isa = PBXBuildFile; fileRef = 91E1F8B8243609F60053693B /* ProximaNova Light.otf */; };
		91E1F8BD243609F60053693B /* ProximaNova Bold.otf in Resources */ = {isa = PBXBuildFile; fileRef = 91E1F8B9243609F60053693B /* ProximaNova Bold.otf */; };
		91E1F8BE243609F60053693B /* ProximaNova Regular.otf in Resources */ = {isa = PBXBuildFile; fileRef = 91E1F8BA243609F60053693B /* ProximaNova Regular.otf */; };
		91F299D2244B32A200139CC2 /* Onboarding.storyboard in Resources */ = {isa = PBXBuildFile; fileRef = 91F299D0244B32A200139CC2 /* Onboarding.storyboard */; };
/* End PBXBuildFile section */

/* Begin PBXFileReference section */
		910E2DD224264E3400313B2A /* wukela.app */ = {isa = PBXFileReference; explicitFileType = wrapper.application; includeInIndex = 0; path = wukela.app; sourceTree = BUILT_PRODUCTS_DIR; };
		910E2DD524264E3400313B2A /* AppDelegate.swift */ = {isa = PBXFileReference; lastKnownFileType = sourcecode.swift; path = AppDelegate.swift; sourceTree = "<group>"; };
		910E2DD724264E3400313B2A /* SceneDelegate.swift */ = {isa = PBXFileReference; lastKnownFileType = sourcecode.swift; path = SceneDelegate.swift; sourceTree = "<group>"; };
		910E2DD924264E3400313B2A /* WebViewController.swift */ = {isa = PBXFileReference; lastKnownFileType = sourcecode.swift; path = WebViewController.swift; sourceTree = "<group>"; };
		910E2DDC24264E3400313B2A /* Base */ = {isa = PBXFileReference; lastKnownFileType = file.storyboard; name = Base; path = Base.lproj/Main.storyboard; sourceTree = "<group>"; };
		910E2DDF24264E3400313B2A /* wukela.xcdatamodel */ = {isa = PBXFileReference; lastKnownFileType = wrapper.xcdatamodel; path = wukela.xcdatamodel; sourceTree = "<group>"; };
		910E2DE124264E3600313B2A /* Assets.xcassets */ = {isa = PBXFileReference; lastKnownFileType = folder.assetcatalog; path = Assets.xcassets; sourceTree = "<group>"; };
		910E2DE424264E3600313B2A /* Base */ = {isa = PBXFileReference; lastKnownFileType = file.storyboard; name = Base; path = Base.lproj/LaunchScreen.storyboard; sourceTree = "<group>"; };
		910E2DE624264E3600313B2A /* Info.plist */ = {isa = PBXFileReference; lastKnownFileType = text.plist.xml; path = Info.plist; sourceTree = "<group>"; };
		910E2DEC2426544000313B2A /* HomeViewController.swift */ = {isa = PBXFileReference; lastKnownFileType = sourcecode.swift; path = HomeViewController.swift; sourceTree = "<group>"; };
		9110AB4A243B76CB00669A6B /* Reachability.swift */ = {isa = PBXFileReference; lastKnownFileType = sourcecode.swift; path = Reachability.swift; sourceTree = "<group>"; };
		912316B42479491D00C2815D /* pt-PT */ = {isa = PBXFileReference; lastKnownFileType = text.plist.strings; name = "pt-PT"; path = "pt-PT.lproj/Main.strings"; sourceTree = "<group>"; };
		912316B62479491D00C2815D /* pt-PT */ = {isa = PBXFileReference; lastKnownFileType = text.plist.strings; name = "pt-PT"; path = "pt-PT.lproj/LaunchScreen.strings"; sourceTree = "<group>"; };
		912316B72479532D00C2815D /* fr */ = {isa = PBXFileReference; lastKnownFileType = text.plist.strings; name = fr; path = fr.lproj/Main.strings; sourceTree = "<group>"; };
		912316B92479532D00C2815D /* fr */ = {isa = PBXFileReference; lastKnownFileType = text.plist.strings; name = fr; path = fr.lproj/LaunchScreen.strings; sourceTree = "<group>"; };
		912C472F245AF013000019BF /* AnimatedTabBarController.swift */ = {isa = PBXFileReference; lastKnownFileType = sourcecode.swift; path = AnimatedTabBarController.swift; sourceTree = "<group>"; };
		9162116C242CE9CA009C3CE6 /* NewsLoader.swift */ = {isa = PBXFileReference; lastKnownFileType = sourcecode.swift; path = NewsLoader.swift; sourceTree = "<group>"; };
		9162116E242CEA38009C3CE6 /* NewsData.swift */ = {isa = PBXFileReference; lastKnownFileType = sourcecode.swift; path = NewsData.swift; sourceTree = "<group>"; };
		916A97C42447238B0093F394 /* NotificationPublisher.swift */ = {isa = PBXFileReference; lastKnownFileType = sourcecode.swift; path = NotificationPublisher.swift; sourceTree = "<group>"; };
		916F014E24268CE300F88905 /* BookmarkViewController.swift */ = {isa = PBXFileReference; lastKnownFileType = sourcecode.swift; path = BookmarkViewController.swift; sourceTree = "<group>"; };
		9174FFA12440AC9B000132DE /* TabTransitionListener.swift */ = {isa = PBXFileReference; lastKnownFileType = sourcecode.swift; path = TabTransitionListener.swift; sourceTree = "<group>"; };
		917A432F242B8AF90032F4D2 /* WebKit.framework */ = {isa = PBXFileReference; lastKnownFileType = wrapper.framework; name = WebKit.framework; path = System/Library/Frameworks/WebKit.framework; sourceTree = SDKROOT; };
		918FCFC62458468B008D6759 /* OnboardingViewController.swift */ = {isa = PBXFileReference; lastKnownFileType = sourcecode.swift; path = OnboardingViewController.swift; sourceTree = "<group>"; };
		91990A11243F3CAE001DAAA6 /* TopicViewController.swift */ = {isa = PBXFileReference; lastKnownFileType = sourcecode.swift; path = TopicViewController.swift; sourceTree = "<group>"; };
		919FD4512493C0A600224791 /* ModalTransitionLIstener.swift */ = {isa = PBXFileReference; lastKnownFileType = sourcecode.swift; path = ModalTransitionLIstener.swift; sourceTree = "<group>"; };
		91A1205E24839EDF00FB8784 /* fr */ = {isa = PBXFileReference; lastKnownFileType = text.plist.strings; name = fr; path = fr.lproj/Localizable.strings; sourceTree = "<group>"; };
		91A1206024839EF000FB8784 /* pt-PT */ = {isa = PBXFileReference; lastKnownFileType = text.plist.strings; name = "pt-PT"; path = "pt-PT.lproj/Localizable.strings"; sourceTree = "<group>"; };
		91A1206124839FCA00FB8784 /* en */ = {isa = PBXFileReference; lastKnownFileType = text.plist.strings; name = en; path = en.lproj/Localizable.strings; sourceTree = "<group>"; };
		91AA743424B0E79D0014CB17 /* fr */ = {isa = PBXFileReference; lastKnownFileType = file.storyboard; name = fr; path = fr.lproj/Onboarding.storyboard; sourceTree = "<group>"; };
		91AA743724B0E7EC0014CB17 /* pt-PT */ = {isa = PBXFileReference; lastKnownFileType = file.storyboard; name = "pt-PT"; path = "pt-PT.lproj/Onboarding.storyboard"; sourceTree = "<group>"; };
		91CE263C2428F48C001A7B39 /* SourcesViewController.swift */ = {isa = PBXFileReference; lastKnownFileType = sourcecode.swift; path = SourcesViewController.swift; sourceTree = "<group>"; };
		91E1F8B7243609F60053693B /* ProximaNova Semibold.otf */ = {isa = PBXFileReference; lastKnownFileType = file; path = "ProximaNova Semibold.otf"; sourceTree = "<group>"; };
		91E1F8B8243609F60053693B /* ProximaNova Light.otf */ = {isa = PBXFileReference; lastKnownFileType = file; path = "ProximaNova Light.otf"; sourceTree = "<group>"; };
		91E1F8B9243609F60053693B /* ProximaNova Bold.otf */ = {isa = PBXFileReference; lastKnownFileType = file; path = "ProximaNova Bold.otf"; sourceTree = "<group>"; };
		91E1F8BA243609F60053693B /* ProximaNova Regular.otf */ = {isa = PBXFileReference; lastKnownFileType = file; path = "ProximaNova Regular.otf"; sourceTree = "<group>"; };
		91F299D1244B32A200139CC2 /* Base */ = {isa = PBXFileReference; lastKnownFileType = file.storyboard; name = Base; path = Base.lproj/Onboarding.storyboard; sourceTree = "<group>"; };
/* End PBXFileReference section */

/* Begin PBXFrameworksBuildPhase section */
		910E2DCF24264E3400313B2A /* Frameworks */ = {
			isa = PBXFrameworksBuildPhase;
			buildActionMask = 2147483647;
			files = (
				910573FF243DECF900233292 /* WebKit.framework in Frameworks */,
				91972703242E33A800E49154 /* Kingfisher in Frameworks */,
				913ACCF3247D5F1700CECE5E /* Gzip in Frameworks */,
			);
			runOnlyForDeploymentPostprocessing = 0;
		};
/* End PBXFrameworksBuildPhase section */

/* Begin PBXGroup section */
		910E2DC924264E3400313B2A = {
			isa = PBXGroup;
			children = (
				910E2DD424264E3400313B2A /* wukela */,
				910E2DD324264E3400313B2A /* Products */,
				917A432E242B8AF90032F4D2 /* Frameworks */,
			);
			sourceTree = "<group>";
		};
		910E2DD324264E3400313B2A /* Products */ = {
			isa = PBXGroup;
			children = (
				910E2DD224264E3400313B2A /* wukela.app */,
			);
			name = Products;
			sourceTree = "<group>";
		};
		910E2DD424264E3400313B2A /* wukela */ = {
			isa = PBXGroup;
			children = (
				910E2DD524264E3400313B2A /* AppDelegate.swift */,
				910E2DD724264E3400313B2A /* SceneDelegate.swift */,
				917A432B242B869B0032F4D2 /* Model */,
				917A432C242B86A60032F4D2 /* View */,
				917A432D242B86AE0032F4D2 /* Controller */,
				910E2DE124264E3600313B2A /* Assets.xcassets */,
				910E2DE324264E3600313B2A /* LaunchScreen.storyboard */,
				910E2DE624264E3600313B2A /* Info.plist */,
				91E1F8B6243609CD0053693B /* fonts */,
				910E2DDE24264E3400313B2A /* wukela.xcdatamodeld */,
			);
			path = wukela;
			sourceTree = "<group>";
		};
		917A432B242B869B0032F4D2 /* Model */ = {
			isa = PBXGroup;
			children = (
				9162116E242CEA38009C3CE6 /* NewsData.swift */,
				9162116C242CE9CA009C3CE6 /* NewsLoader.swift */,
				916A97C42447238B0093F394 /* NotificationPublisher.swift */,
				9174FFA12440AC9B000132DE /* TabTransitionListener.swift */,
				919FD4512493C0A600224791 /* ModalTransitionLIstener.swift */,
				9110AB4A243B76CB00669A6B /* Reachability.swift */,
			);
			path = Model;
			sourceTree = "<group>";
		};
		917A432C242B86A60032F4D2 /* View */ = {
			isa = PBXGroup;
			children = (
				910E2DDB24264E3400313B2A /* Main.storyboard */,
				91A1205F24839EDF00FB8784 /* Localizable.strings */,
				91F299D0244B32A200139CC2 /* Onboarding.storyboard */,
			);
			path = View;
			sourceTree = "<group>";
		};
		917A432D242B86AE0032F4D2 /* Controller */ = {
			isa = PBXGroup;
			children = (
				910E2DEC2426544000313B2A /* HomeViewController.swift */,
				918FCFC62458468B008D6759 /* OnboardingViewController.swift */,
				91990A11243F3CAE001DAAA6 /* TopicViewController.swift */,
				910E2DD924264E3400313B2A /* WebViewController.swift */,
				916F014E24268CE300F88905 /* BookmarkViewController.swift */,
				91CE263C2428F48C001A7B39 /* SourcesViewController.swift */,
				912C472F245AF013000019BF /* AnimatedTabBarController.swift */,
			);
			path = Controller;
			sourceTree = "<group>";
		};
		917A432E242B8AF90032F4D2 /* Frameworks */ = {
			isa = PBXGroup;
			children = (
				917A432F242B8AF90032F4D2 /* WebKit.framework */,
			);
			name = Frameworks;
			sourceTree = "<group>";
		};
		91E1F8B6243609CD0053693B /* fonts */ = {
			isa = PBXGroup;
			children = (
				91E1F8B9243609F60053693B /* ProximaNova Bold.otf */,
				91E1F8B8243609F60053693B /* ProximaNova Light.otf */,
				91E1F8BA243609F60053693B /* ProximaNova Regular.otf */,
				91E1F8B7243609F60053693B /* ProximaNova Semibold.otf */,
			);
			path = fonts;
			sourceTree = "<group>";
		};
/* End PBXGroup section */

/* Begin PBXNativeTarget section */
		910E2DD124264E3400313B2A /* wukela */ = {
			isa = PBXNativeTarget;
			buildConfigurationList = 910E2DE924264E3600313B2A /* Build configuration list for PBXNativeTarget "wukela" */;
			buildPhases = (
				910E2DCE24264E3400313B2A /* Sources */,
				910E2DCF24264E3400313B2A /* Frameworks */,
				910E2DD024264E3400313B2A /* Resources */,
			);
			buildRules = (
			);
			dependencies = (
			);
			name = wukela;
			packageProductDependencies = (
				91972702242E33A800E49154 /* Kingfisher */,
				913ACCF2247D5F1700CECE5E /* Gzip */,
			);
			productName = webtest;
			productReference = 910E2DD224264E3400313B2A /* wukela.app */;
			productType = "com.apple.product-type.application";
		};
/* End PBXNativeTarget section */

/* Begin PBXProject section */
		910E2DCA24264E3400313B2A /* Project object */ = {
			isa = PBXProject;
			attributes = {
				LastSwiftUpdateCheck = 1130;
				LastUpgradeCheck = 1210;
				ORGANIZATIONNAME = "Paulo Custódio";
				TargetAttributes = {
					910E2DD124264E3400313B2A = {
						CreatedOnToolsVersion = 11.3.1;
					};
				};
			};
			buildConfigurationList = 910E2DCD24264E3400313B2A /* Build configuration list for PBXProject "wukela" */;
			compatibilityVersion = "Xcode 9.3";
			developmentRegion = en;
			hasScannedForEncodings = 0;
			knownRegions = (
				en,
				Base,
				"pt-PT",
				fr,
			);
			mainGroup = 910E2DC924264E3400313B2A;
			packageReferences = (
				91972701242E33A800E49154 /* XCRemoteSwiftPackageReference "Kingfisher" */,
				913ACCF1247D5F1700CECE5E /* XCRemoteSwiftPackageReference "GzipSwift" */,
			);
			productRefGroup = 910E2DD324264E3400313B2A /* Products */;
			projectDirPath = "";
			projectRoot = "";
			targets = (
				910E2DD124264E3400313B2A /* wukela */,
			);
		};
/* End PBXProject section */

/* Begin PBXResourcesBuildPhase section */
		910E2DD024264E3400313B2A /* Resources */ = {
			isa = PBXResourcesBuildPhase;
			buildActionMask = 2147483647;
			files = (
				91E1F8BC243609F60053693B /* ProximaNova Light.otf in Resources */,
				910E2DE524264E3600313B2A /* LaunchScreen.storyboard in Resources */,
				910E2DE224264E3600313B2A /* Assets.xcassets in Resources */,
				91E1F8BB243609F60053693B /* ProximaNova Semibold.otf in Resources */,
				91A1205D24839EDF00FB8784 /* Localizable.strings in Resources */,
				91E1F8BD243609F60053693B /* ProximaNova Bold.otf in Resources */,
				91E1F8BE243609F60053693B /* ProximaNova Regular.otf in Resources */,
				910E2DDD24264E3400313B2A /* Main.storyboard in Resources */,
				91F299D2244B32A200139CC2 /* Onboarding.storyboard in Resources */,
			);
			runOnlyForDeploymentPostprocessing = 0;
		};
/* End PBXResourcesBuildPhase section */

/* Begin PBXSourcesBuildPhase section */
		910E2DCE24264E3400313B2A /* Sources */ = {
			isa = PBXSourcesBuildPhase;
			buildActionMask = 2147483647;
			files = (
				910E2DED2426544000313B2A /* HomeViewController.swift in Sources */,
				918FCFC72458468B008D6759 /* OnboardingViewController.swift in Sources */,
				910E2DDA24264E3400313B2A /* WebViewController.swift in Sources */,
				910E2DD624264E3400313B2A /* AppDelegate.swift in Sources */,
				91CE263D2428F48C001A7B39 /* SourcesViewController.swift in Sources */,
				910E2DE024264E3400313B2A /* wukela.xcdatamodeld in Sources */,
				916F014F24268CE300F88905 /* BookmarkViewController.swift in Sources */,
				916A97C52447238B0093F394 /* NotificationPublisher.swift in Sources */,
				91990A12243F3CAE001DAAA6 /* TopicViewController.swift in Sources */,
				910E2DD824264E3400313B2A /* SceneDelegate.swift in Sources */,
				9110AB4B243B76CB00669A6B /* Reachability.swift in Sources */,
				912C4730245AF013000019BF /* AnimatedTabBarController.swift in Sources */,
				9162116D242CE9CA009C3CE6 /* NewsLoader.swift in Sources */,
				9174FFA22440AC9B000132DE /* TabTransitionListener.swift in Sources */,
				919FD4522493C0A600224791 /* ModalTransitionLIstener.swift in Sources */,
				9162116F242CEA38009C3CE6 /* NewsData.swift in Sources */,
			);
			runOnlyForDeploymentPostprocessing = 0;
		};
/* End PBXSourcesBuildPhase section */

/* Begin PBXVariantGroup section */
		910E2DDB24264E3400313B2A /* Main.storyboard */ = {
			isa = PBXVariantGroup;
			children = (
				910E2DDC24264E3400313B2A /* Base */,
				912316B42479491D00C2815D /* pt-PT */,
				912316B72479532D00C2815D /* fr */,
			);
			name = Main.storyboard;
			sourceTree = "<group>";
		};
		910E2DE324264E3600313B2A /* LaunchScreen.storyboard */ = {
			isa = PBXVariantGroup;
			children = (
				910E2DE424264E3600313B2A /* Base */,
				912316B62479491D00C2815D /* pt-PT */,
				912316B92479532D00C2815D /* fr */,
			);
			name = LaunchScreen.storyboard;
			sourceTree = "<group>";
		};
		91A1205F24839EDF00FB8784 /* Localizable.strings */ = {
			isa = PBXVariantGroup;
			children = (
				91A1205E24839EDF00FB8784 /* fr */,
				91A1206024839EF000FB8784 /* pt-PT */,
				91A1206124839FCA00FB8784 /* en */,
			);
			name = Localizable.strings;
			path = wukela;
			sourceTree = SOURCE_ROOT;
		};
		91F299D0244B32A200139CC2 /* Onboarding.storyboard */ = {
			isa = PBXVariantGroup;
			children = (
				91F299D1244B32A200139CC2 /* Base */,
				91AA743424B0E79D0014CB17 /* fr */,
				91AA743724B0E7EC0014CB17 /* pt-PT */,
			);
			name = Onboarding.storyboard;
			sourceTree = "<group>";
		};
/* End PBXVariantGroup section */

/* Begin XCBuildConfiguration section */
		910E2DE724264E3600313B2A /* Debug */ = {
			isa = XCBuildConfiguration;
			buildSettings = {
				ALWAYS_SEARCH_USER_PATHS = NO;
				CLANG_ANALYZER_LOCALIZABILITY_NONLOCALIZED = YES;
				CLANG_ANALYZER_NONNULL = YES;
				CLANG_ANALYZER_NUMBER_OBJECT_CONVERSION = YES_AGGRESSIVE;
				CLANG_CXX_LANGUAGE_STANDARD = "gnu++14";
				CLANG_CXX_LIBRARY = "libc++";
				CLANG_ENABLE_MODULES = YES;
				CLANG_ENABLE_OBJC_ARC = YES;
				CLANG_ENABLE_OBJC_WEAK = YES;
				CLANG_WARN_BLOCK_CAPTURE_AUTORELEASING = YES;
				CLANG_WARN_BOOL_CONVERSION = YES;
				CLANG_WARN_COMMA = YES;
				CLANG_WARN_CONSTANT_CONVERSION = YES;
				CLANG_WARN_DEPRECATED_OBJC_IMPLEMENTATIONS = YES;
				CLANG_WARN_DIRECT_OBJC_ISA_USAGE = YES_ERROR;
				CLANG_WARN_DOCUMENTATION_COMMENTS = YES;
				CLANG_WARN_EMPTY_BODY = YES;
				CLANG_WARN_ENUM_CONVERSION = YES;
				CLANG_WARN_INFINITE_RECURSION = YES;
				CLANG_WARN_INT_CONVERSION = YES;
				CLANG_WARN_NON_LITERAL_NULL_CONVERSION = YES;
				CLANG_WARN_OBJC_IMPLICIT_RETAIN_SELF = YES;
				CLANG_WARN_OBJC_LITERAL_CONVERSION = YES;
				CLANG_WARN_OBJC_ROOT_CLASS = YES_ERROR;
				CLANG_WARN_QUOTED_INCLUDE_IN_FRAMEWORK_HEADER = YES;
				CLANG_WARN_RANGE_LOOP_ANALYSIS = YES;
				CLANG_WARN_STRICT_PROTOTYPES = YES;
				CLANG_WARN_SUSPICIOUS_MOVE = YES;
				CLANG_WARN_UNGUARDED_AVAILABILITY = YES_AGGRESSIVE;
				CLANG_WARN_UNREACHABLE_CODE = YES;
				CLANG_WARN__DUPLICATE_METHOD_MATCH = YES;
				COPY_PHASE_STRIP = NO;
				DEBUG_INFORMATION_FORMAT = dwarf;
				ENABLE_STRICT_OBJC_MSGSEND = YES;
				ENABLE_TESTABILITY = YES;
				GCC_C_LANGUAGE_STANDARD = gnu11;
				GCC_DYNAMIC_NO_PIC = NO;
				GCC_NO_COMMON_BLOCKS = YES;
				GCC_OPTIMIZATION_LEVEL = 0;
				GCC_PREPROCESSOR_DEFINITIONS = (
					"DEBUG=1",
					"$(inherited)",
				);
				GCC_WARN_64_TO_32_BIT_CONVERSION = YES;
				GCC_WARN_ABOUT_RETURN_TYPE = YES_ERROR;
				GCC_WARN_UNDECLARED_SELECTOR = YES;
				GCC_WARN_UNINITIALIZED_AUTOS = YES_AGGRESSIVE;
				GCC_WARN_UNUSED_FUNCTION = YES;
				GCC_WARN_UNUSED_VARIABLE = YES;
				IPHONEOS_DEPLOYMENT_TARGET = 13.0;
				MTL_ENABLE_DEBUG_INFO = INCLUDE_SOURCE;
				MTL_FAST_MATH = YES;
				ONLY_ACTIVE_ARCH = YES;
				SDKROOT = iphoneos;
				SWIFT_ACTIVE_COMPILATION_CONDITIONS = DEBUG;
				SWIFT_OPTIMIZATION_LEVEL = "-Onone";
				SWIFT_VERSION = 5.0;
			};
			name = Debug;
		};
		910E2DE824264E3600313B2A /* Release */ = {
			isa = XCBuildConfiguration;
			buildSettings = {
				ALWAYS_SEARCH_USER_PATHS = NO;
				CLANG_ANALYZER_LOCALIZABILITY_NONLOCALIZED = YES;
				CLANG_ANALYZER_NONNULL = YES;
				CLANG_ANALYZER_NUMBER_OBJECT_CONVERSION = YES_AGGRESSIVE;
				CLANG_CXX_LANGUAGE_STANDARD = "gnu++14";
				CLANG_CXX_LIBRARY = "libc++";
				CLANG_ENABLE_MODULES = YES;
				CLANG_ENABLE_OBJC_ARC = YES;
				CLANG_ENABLE_OBJC_WEAK = YES;
				CLANG_WARN_BLOCK_CAPTURE_AUTORELEASING = YES;
				CLANG_WARN_BOOL_CONVERSION = YES;
				CLANG_WARN_COMMA = YES;
				CLANG_WARN_CONSTANT_CONVERSION = YES;
				CLANG_WARN_DEPRECATED_OBJC_IMPLEMENTATIONS = YES;
				CLANG_WARN_DIRECT_OBJC_ISA_USAGE = YES_ERROR;
				CLANG_WARN_DOCUMENTATION_COMMENTS = YES;
				CLANG_WARN_EMPTY_BODY = YES;
				CLANG_WARN_ENUM_CONVERSION = YES;
				CLANG_WARN_INFINITE_RECURSION = YES;
				CLANG_WARN_INT_CONVERSION = YES;
				CLANG_WARN_NON_LITERAL_NULL_CONVERSION = YES;
				CLANG_WARN_OBJC_IMPLICIT_RETAIN_SELF = YES;
				CLANG_WARN_OBJC_LITERAL_CONVERSION = YES;
				CLANG_WARN_OBJC_ROOT_CLASS = YES_ERROR;
				CLANG_WARN_QUOTED_INCLUDE_IN_FRAMEWORK_HEADER = YES;
				CLANG_WARN_RANGE_LOOP_ANALYSIS = YES;
				CLANG_WARN_STRICT_PROTOTYPES = YES;
				CLANG_WARN_SUSPICIOUS_MOVE = YES;
				CLANG_WARN_UNGUARDED_AVAILABILITY = YES_AGGRESSIVE;
				CLANG_WARN_UNREACHABLE_CODE = YES;
				CLANG_WARN__DUPLICATE_METHOD_MATCH = YES;
				COPY_PHASE_STRIP = NO;
				DEBUG_INFORMATION_FORMAT = "dwarf-with-dsym";
				ENABLE_NS_ASSERTIONS = NO;
				ENABLE_STRICT_OBJC_MSGSEND = YES;
				GCC_C_LANGUAGE_STANDARD = gnu11;
				GCC_NO_COMMON_BLOCKS = YES;
				GCC_WARN_64_TO_32_BIT_CONVERSION = YES;
				GCC_WARN_ABOUT_RETURN_TYPE = YES_ERROR;
				GCC_WARN_UNDECLARED_SELECTOR = YES;
				GCC_WARN_UNINITIALIZED_AUTOS = YES_AGGRESSIVE;
				GCC_WARN_UNUSED_FUNCTION = YES;
				GCC_WARN_UNUSED_VARIABLE = YES;
				IPHONEOS_DEPLOYMENT_TARGET = 13.0;
				MTL_ENABLE_DEBUG_INFO = NO;
				MTL_FAST_MATH = YES;
				SDKROOT = iphoneos;
				SWIFT_COMPILATION_MODE = wholemodule;
				SWIFT_OPTIMIZATION_LEVEL = "-O";
				SWIFT_VERSION = 5.0;
				VALIDATE_PRODUCT = YES;
			};
			name = Release;
		};
		910E2DEA24264E3600313B2A /* Debug */ = {
			isa = XCBuildConfiguration;
			buildSettings = {
				ASSETCATALOG_COMPILER_APPICON_NAME = AppIcon;
				CODE_SIGN_IDENTITY = "Apple Development";
				CODE_SIGN_STYLE = Automatic;
				CURRENT_PROJECT_VERSION = 1;
				DEVELOPMENT_TEAM = 95K55BPZP5;
				INFOPLIST_FILE = "$(SRCROOT)/wukela/Info.plist";
				LD_RUNPATH_SEARCH_PATHS = (
					"$(inherited)",
					"@executable_path/Frameworks",
				);
				MARKETING_VERSION = 1.0.4;
				PRODUCT_BUNDLE_IDENTIFIER = app.wukela;
				PRODUCT_NAME = wukela;
				PROVISIONING_PROFILE_SPECIFIER = "";
				SWIFT_VERSION = 5.0;
				TARGETED_DEVICE_FAMILY = 1;
			};
			name = Debug;
		};
		910E2DEB24264E3600313B2A /* Release */ = {
			isa = XCBuildConfiguration;
			buildSettings = {
				ASSETCATALOG_COMPILER_APPICON_NAME = AppIcon;
				CODE_SIGN_IDENTITY = "Apple Development";
				CODE_SIGN_STYLE = Automatic;
				CURRENT_PROJECT_VERSION = 1;
				DEVELOPMENT_TEAM = 95K55BPZP5;
				INFOPLIST_FILE = "$(SRCROOT)/wukela/Info.plist";
				LD_RUNPATH_SEARCH_PATHS = (
					"$(inherited)",
					"@executable_path/Frameworks",
				);
				MARKETING_VERSION = 1.0.4;
				PRODUCT_BUNDLE_IDENTIFIER = app.wukela;
				PRODUCT_NAME = wukela;
				PROVISIONING_PROFILE_SPECIFIER = "";
				SWIFT_VERSION = 5.0;
				TARGETED_DEVICE_FAMILY = 1;
			};
			name = Release;
		};
/* End XCBuildConfiguration section */

/* Begin XCConfigurationList section */
		910E2DCD24264E3400313B2A /* Build configuration list for PBXProject "wukela" */ = {
			isa = XCConfigurationList;
			buildConfigurations = (
				910E2DE724264E3600313B2A /* Debug */,
				910E2DE824264E3600313B2A /* Release */,
			);
			defaultConfigurationIsVisible = 0;
			defaultConfigurationName = Release;
		};
		910E2DE924264E3600313B2A /* Build configuration list for PBXNativeTarget "wukela" */ = {
			isa = XCConfigurationList;
			buildConfigurations = (
				910E2DEA24264E3600313B2A /* Debug */,
				910E2DEB24264E3600313B2A /* Release */,
			);
			defaultConfigurationIsVisible = 0;
			defaultConfigurationName = Release;
		};
/* End XCConfigurationList section */

/* Begin XCRemoteSwiftPackageReference section */
		913ACCF1247D5F1700CECE5E /* XCRemoteSwiftPackageReference "GzipSwift" */ = {
			isa = XCRemoteSwiftPackageReference;
			repositoryURL = "https://github.com/1024jp/GzipSwift";
			requirement = {
				kind = upToNextMajorVersion;
				minimumVersion = 5.1.1;
			};
		};
		91972701242E33A800E49154 /* XCRemoteSwiftPackageReference "Kingfisher" */ = {
			isa = XCRemoteSwiftPackageReference;
			repositoryURL = "https://github.com/onevcat/Kingfisher.git";
			requirement = {
				kind = upToNextMajorVersion;
				minimumVersion = 5.13.2;
			};
		};
/* End XCRemoteSwiftPackageReference section */

/* Begin XCSwiftPackageProductDependency section */
		913ACCF2247D5F1700CECE5E /* Gzip */ = {
			isa = XCSwiftPackageProductDependency;
			package = 913ACCF1247D5F1700CECE5E /* XCRemoteSwiftPackageReference "GzipSwift" */;
			productName = Gzip;
		};
		91972702242E33A800E49154 /* Kingfisher */ = {
			isa = XCSwiftPackageProductDependency;
			package = 91972701242E33A800E49154 /* XCRemoteSwiftPackageReference "Kingfisher" */;
			productName = Kingfisher;
		};
/* End XCSwiftPackageProductDependency section */

/* Begin XCVersionGroup section */
		910E2DDE24264E3400313B2A /* wukela.xcdatamodeld */ = {
			isa = XCVersionGroup;
			children = (
				910E2DDF24264E3400313B2A /* wukela.xcdatamodel */,
			);
			currentVersion = 910E2DDF24264E3400313B2A /* wukela.xcdatamodel */;
			path = wukela.xcdatamodeld;
			sourceTree = "<group>";
			versionGroupType = wrapper.xcdatamodel;
		};
/* End XCVersionGroup section */
	};
	rootObject = 910E2DCA24264E3400313B2A /* Project object */;
}
